// !$*UTF8*$!
{
	archiveVersion = 1;
	classes = {
	};
	objectVersion = 77;
	objects = {

/* Begin PBXContainerItemProxy section */
		DB318CE22E3B20AC005DF200 /* PBXContainerItemProxy */ = {
			isa = PBXContainerItemProxy;
			containerPortal = DB318CCB2E3B20AB005DF200 /* Project object */;
			proxyType = 1;
			remoteGlobalIDString = DB318CD22E3B20AB005DF200;
			remoteInfo = LeetCodeStats;
		};
		DB318CEC2E3B20AC005DF200 /* PBXContainerItemProxy */ = {
			isa = PBXContainerItemProxy;
			containerPortal = DB318CCB2E3B20AB005DF200 /* Project object */;
			proxyType = 1;
			remoteGlobalIDString = DB318CD22E3B20AB005DF200;
			remoteInfo = LeetCodeStats;
		};
/* End PBXContainerItemProxy section */

/* Begin PBXFileReference section */
		DB318CD32E3B20AB005DF200 /* LeetCodeStats.app */ = {isa = PBXFileReference; explicitFileType = wrapper.application; includeInIndex = 0; path = LeetCodeStats.app; sourceTree = BUILT_PRODUCTS_DIR; };
		DB318CE12E3B20AC005DF200 /* LeetCodeStatsTests.xctest */ = {isa = PBXFileReference; explicitFileType = wrapper.cfbundle; includeInIndex = 0; path = LeetCodeStatsTests.xctest; sourceTree = BUILT_PRODUCTS_DIR; };
		DB318CEB2E3B20AC005DF200 /* LeetCodeStatsUITests.xctest */ = {isa = PBXFileReference; explicitFileType = wrapper.cfbundle; includeInIndex = 0; path = LeetCodeStatsUITests.xctest; sourceTree = BUILT_PRODUCTS_DIR; };
/* End PBXFileReference section */

/* Begin PBXFileSystemSynchronizedRootGroup section */
		DB318CD52E3B20AB005DF200 /* LeetCodeStats */ = {
			isa = PBXFileSystemSynchronizedRootGroup;
			path = LeetCodeStats;
			sourceTree = "<group>";
		};
/* End PBXFileSystemSynchronizedRootGroup section */

/* Begin PBXFrameworksBuildPhase section */
		DB318CD02E3B20AB005DF200 /* Frameworks */ = {
			isa = PBXFrameworksBuildPhase;
			buildActionMask = 2147483647;
			files = (
			);
			runOnlyForDeploymentPostprocessing = 0;
		};
		DB318CDE2E3B20AC005DF200 /* Frameworks */ = {
			isa = PBXFrameworksBuildPhase;
			buildActionMask = 2147483647;
			files = (
			);
			runOnlyForDeploymentPostprocessing = 0;
		};
		DB318CE82E3B20AC005DF200 /* Frameworks */ = {
			isa = PBXFrameworksBuildPhase;
			buildActionMask = 2147483647;
			files = (
			);
			runOnlyForDeploymentPostprocessing = 0;
		};
/* End PBXFrameworksBuildPhase section */

/* Begin PBXGroup section */
		DB318CCA2E3B20AB005DF200 = {
			isa = PBXGroup;
			children = (
				DB318CD52E3B20AB005DF200 /* LeetCodeStats */,
				DB318CD42E3B20AB005DF200 /* Products */,
			);
			sourceTree = "<group>";
		};
		DB318CD42E3B20AB005DF200 /* Products */ = {
			isa = PBXGroup;
			children = (
				DB318CD32E3B20AB005DF200 /* LeetCodeStats.app */,
				DB318CE12E3B20AC005DF200 /* LeetCodeStatsTests.xctest */,
				DB318CEB2E3B20AC005DF200 /* LeetCodeStatsUITests.xctest */,
			);
			name = Products;
			sourceTree = "<group>";
		};
/* End PBXGroup section */

/* Begin PBXNativeTarget section */
		DB318CD22E3B20AB005DF200 /* LeetCodeStats */ = {
			isa = PBXNativeTarget;
			buildConfigurationList = DB318CF52E3B20AC005DF200 /* Build configuration list for PBXNativeTarget "LeetCodeStats" */;
			buildPhases = (
				DB318CCF2E3B20AB005DF200 /* Sources */,
				DB318CD02E3B20AB005DF200 /* Frameworks */,
				DB318CD12E3B20AB005DF200 /* Resources */,
			);
			buildRules = (
			);
			dependencies = (
			);
			fileSystemSynchronizedGroups = (
				DB318CD52E3B20AB005DF200 /* LeetCodeStats */,
			);
			name = LeetCodeStats;
			packageProductDependencies = (
			);
			productName = LeetCodeStats;
			productReference = DB318CD32E3B20AB005DF200 /* LeetCodeStats.app */;
			productType = "com.apple.product-type.application";
		};
		DB318CE02E3B20AC005DF200 /* LeetCodeStatsTests */ = {
			isa = PBXNativeTarget;
			buildConfigurationList = DB318CF82E3B20AC005DF200 /* Build configuration list for PBXNativeTarget "LeetCodeStatsTests" */;
			buildPhases = (
				DB318CDD2E3B20AC005DF200 /* Sources */,
				DB318CDE2E3B20AC005DF200 /* Frameworks */,
				DB318CDF2E3B20AC005DF200 /* Resources */,
			);
			buildRules = (
			);
			dependencies = (
				DB318CE32E3B20AC005DF200 /* PBXTargetDependency */,
			);
			name = LeetCodeStatsTests;
			packageProductDependencies = (
			);
			productName = LeetCodeStatsTests;
			productReference = DB318CE12E3B20AC005DF200 /* LeetCodeStatsTests.xctest */;
			productType = "com.apple.product-type.bundle.unit-test";
		};
		DB318CEA2E3B20AC005DF200 /* LeetCodeStatsUITests */ = {
			isa = PBXNativeTarget;
			buildConfigurationList = DB318CFB2E3B20AC005DF200 /* Build configuration list for PBXNativeTarget "LeetCodeStatsUITests" */;
			buildPhases = (
				DB318CE72E3B20AC005DF200 /* Sources */,
				DB318CE82E3B20AC005DF200 /* Frameworks */,
				DB318CE92E3B20AC005DF200 /* Resources */,
			);
			buildRules = (
			);
			dependencies = (
				DB318CED2E3B20AC005DF200 /* PBXTargetDependency */,
			);
			name = LeetCodeStatsUITests;
			packageProductDependencies = (
			);
			productName = LeetCodeStatsUITests;
			productReference = DB318CEB2E3B20AC005DF200 /* LeetCodeStatsUITests.xctest */;
			productType = "com.apple.product-type.bundle.ui-testing";
		};
/* End PBXNativeTarget section */

/* Begin PBXProject section */
		DB318CCB2E3B20AB005DF200 /* Project object */ = {
			isa = PBXProject;
			attributes = {
				BuildIndependentTargetsInParallel = 1;
				LastSwiftUpdateCheck = 1640;
				LastUpgradeCheck = 1640;
				TargetAttributes = {
					DB318CD22E3B20AB005DF200 = {
						CreatedOnToolsVersion = 16.4;
					};
					DB318CE02E3B20AC005DF200 = {
						CreatedOnToolsVersion = 16.4;
						TestTargetID = DB318CD22E3B20AB005DF200;
					};
					DB318CEA2E3B20AC005DF200 = {
						CreatedOnToolsVersion = 16.4;
						TestTargetID = DB318CD22E3B20AB005DF200;
					};
				};
			};
			buildConfigurationList = DB318CCE2E3B20AB005DF200 /* Build configuration list for PBXProject "LeetCodeStats" */;
			developmentRegion = en;
			hasScannedForEncodings = 0;
			knownRegions = (
				en,
				Base,
			);
			mainGroup = DB318CCA2E3B20AB005DF200;
			minimizedProjectReferenceProxies = 1;
			packageReferences = (
				DB318D192E3B2B77005DF200 /* XCRemoteSwiftPackageReference "swift-algorithms" */,
			);
			preferredProjectObjectVersion = 77;
			productRefGroup = DB318CD42E3B20AB005DF200 /* Products */;
			projectDirPath = "";
			projectRoot = "";
			targets = (
				DB318CD22E3B20AB005DF200 /* LeetCodeStats */,
				DB318CE02E3B20AC005DF200 /* LeetCodeStatsTests */,
				DB318CEA2E3B20AC005DF200 /* LeetCodeStatsUITests */,
			);
		};
/* End PBXProject section */

/* Begin PBXResourcesBuildPhase section */
		DB318CD12E3B20AB005DF200 /* Resources */ = {
			isa = PBXResourcesBuildPhase;
			buildActionMask = 2147483647;
			files = (
			);
			runOnlyForDeploymentPostprocessing = 0;
		};
		DB318CDF2E3B20AC005DF200 /* Resources */ = {
			isa = PBXResourcesBuildPhase;
			buildActionMask = 2147483647;
			files = (
			);
			runOnlyForDeploymentPostprocessing = 0;
		};
		DB318CE92E3B20AC005DF200 /* Resources */ = {
			isa = PBXResourcesBuildPhase;
			buildActionMask = 2147483647;
			files = (
			);
			runOnlyForDeploymentPostprocessing = 0;
		};
/* End PBXResourcesBuildPhase section */

/* Begin PBXSourcesBuildPhase section */
		DB318CCF2E3B20AB005DF200 /* Sources */ = {
			isa = PBXSourcesBuildPhase;
			buildActionMask = 2147483647;
			files = (
			);
			runOnlyForDeploymentPostprocessing = 0;
		};
		DB318CDD2E3B20AC005DF200 /* Sources */ = {
			isa = PBXSourcesBuildPhase;
			buildActionMask = 2147483647;
			files = (
			);
			runOnlyForDeploymentPostprocessing = 0;
		};
		DB318CE72E3B20AC005DF200 /* Sources */ = {
			isa = PBXSourcesBuildPhase;
			buildActionMask = 2147483647;
			files = (
			);
			runOnlyForDeploymentPostprocessing = 0;
		};
/* End PBXSourcesBuildPhase section */

/* Begin PBXTargetDependency section */
		DB318CE32E3B20AC005DF200 /* PBXTargetDependency */ = {
			isa = PBXTargetDependency;
			target = DB318CD22E3B20AB005DF200 /* LeetCodeStats */;
			targetProxy = DB318CE22E3B20AC005DF200 /* PBXContainerItemProxy */;
		};
		DB318CED2E3B20AC005DF200 /* PBXTargetDependency */ = {
			isa = PBXTargetDependency;
			target = DB318CD22E3B20AB005DF200 /* LeetCodeStats */;
			targetProxy = DB318CEC2E3B20AC005DF200 /* PBXContainerItemProxy */;
		};
/* End PBXTargetDependency section */

/* Begin XCBuildConfiguration section */
		DB318CF32E3B20AC005DF200 /* Debug */ = {
			isa = XCBuildConfiguration;
			buildSettings = {
				ALWAYS_SEARCH_USER_PATHS = NO;
				ASSETCATALOG_COMPILER_GENERATE_SWIFT_ASSET_SYMBOL_EXTENSIONS = YES;
				CLANG_ANALYZER_NONNULL = YES;
				CLANG_ANALYZER_NUMBER_OBJECT_CONVERSION = YES_AGGRESSIVE;
				CLANG_CXX_LANGUAGE_STANDARD = "gnu++20";
				CLANG_ENABLE_MODULES = YES;
				CLANG_ENABLE_OBJC_ARC = YES;
				CLANG_ENABLE_OBJC_WEAK = YES;
				CLANG_WARN_BLOCK_CAPTURE_AUTORELEASING = YES;
				CLANG_WARN_BOOL_CONVERSION = YES;
				CLANG_WARN_COMMA = YES;
				CLANG_WARN_CONSTANT_CONVERSION = YES;
				CLANG_WARN_DEPRECATED_OBJC_IMPLEMENTATIONS = YES;
				CLANG_WARN_DIRECT_OBJC_ISA_USAGE = YES_ERROR;
				CLANG_WARN_DOCUMENTATION_COMMENTS = YES;
				CLANG_WARN_EMPTY_BODY = YES;
				CLANG_WARN_ENUM_CONVERSION = YES;
				CLANG_WARN_INFINITE_RECURSION = YES;
				CLANG_WARN_INT_CONVERSION = YES;
				CLANG_WARN_NON_LITERAL_NULL_CONVERSION = YES;
				CLANG_WARN_OBJC_IMPLICIT_RETAIN_SELF = YES;
				CLANG_WARN_OBJC_LITERAL_CONVERSION = YES;
				CLANG_WARN_OBJC_ROOT_CLASS = YES_ERROR;
				CLANG_WARN_QUOTED_INCLUDE_IN_FRAMEWORK_HEADER = YES;
				CLANG_WARN_RANGE_LOOP_ANALYSIS = YES;
				CLANG_WARN_STRICT_PROTOTYPES = YES;
				CLANG_WARN_SUSPICIOUS_MOVE = YES;
				CLANG_WARN_UNGUARDED_AVAILABILITY = YES_AGGRESSIVE;
				CLANG_WARN_UNREACHABLE_CODE = YES;
				CLANG_WARN__DUPLICATE_METHOD_MATCH = YES;
				COPY_PHASE_STRIP = NO;
				DEBUG_INFORMATION_FORMAT = dwarf;
				ENABLE_STRICT_OBJC_MSGSEND = YES;
				ENABLE_TESTABILITY = YES;
				ENABLE_USER_SCRIPT_SANDBOXING = YES;
				GCC_C_LANGUAGE_STANDARD = gnu17;
				GCC_DYNAMIC_NO_PIC = NO;
				GCC_NO_COMMON_BLOCKS = YES;
				GCC_OPTIMIZATION_LEVEL = 0;
				GCC_PREPROCESSOR_DEFINITIONS = (
					"DEBUG=1",
					"$(inherited)",
				);
				GCC_WARN_64_TO_32_BIT_CONVERSION = YES;
				GCC_WARN_ABOUT_RETURN_TYPE = YES_ERROR;
				GCC_WARN_UNDECLARED_SELECTOR = YES;
				GCC_WARN_UNINITIALIZED_AUTOS = YES_AGGRESSIVE;
				GCC_WARN_UNUSED_FUNCTION = YES;
				GCC_WARN_UNUSED_VARIABLE = YES;
				LOCALIZATION_PREFERS_STRING_CATALOGS = YES;
				MACOSX_DEPLOYMENT_TARGET = 15.5;
				MTL_ENABLE_DEBUG_INFO = INCLUDE_SOURCE;
				MTL_FAST_MATH = YES;
				ONLY_ACTIVE_ARCH = YES;
				SDKROOT = macosx;
				SWIFT_ACTIVE_COMPILATION_CONDITIONS = "DEBUG $(inherited)";
				SWIFT_OPTIMIZATION_LEVEL = "-Onone";
			};
			name = Debug;
		};
		DB318CF42E3B20AC005DF200 /* Release */ = {
			isa = XCBuildConfiguration;
			buildSettings = {
				ALWAYS_SEARCH_USER_PATHS = NO;
				ASSETCATALOG_COMPILER_GENERATE_SWIFT_ASSET_SYMBOL_EXTENSIONS = YES;
				CLANG_ANALYZER_NONNULL = YES;
				CLANG_ANALYZER_NUMBER_OBJECT_CONVERSION = YES_AGGRESSIVE;
				CLANG_CXX_LANGUAGE_STANDARD = "gnu++20";
				CLANG_ENABLE_MODULES = YES;
				CLANG_ENABLE_OBJC_ARC = YES;
				CLANG_ENABLE_OBJC_WEAK = YES;
				CLANG_WARN_BLOCK_CAPTURE_AUTORELEASING = YES;
				CLANG_WARN_BOOL_CONVERSION = YES;
				CLANG_WARN_COMMA = YES;
				CLANG_WARN_CONSTANT_CONVERSION = YES;
				CLANG_WARN_DEPRECATED_OBJC_IMPLEMENTATIONS = YES;
				CLANG_WARN_DIRECT_OBJC_ISA_USAGE = YES_ERROR;
				CLANG_WARN_DOCUMENTATION_COMMENTS = YES;
				CLANG_WARN_EMPTY_BODY = YES;
				CLANG_WARN_ENUM_CONVERSION = YES;
				CLANG_WARN_INFINITE_RECURSION = YES;
				CLANG_WARN_INT_CONVERSION = YES;
				CLANG_WARN_NON_LITERAL_NULL_CONVERSION = YES;
				CLANG_WARN_OBJC_IMPLICIT_RETAIN_SELF = YES;
				CLANG_WARN_OBJC_LITERAL_CONVERSION = YES;
				CLANG_WARN_OBJC_ROOT_CLASS = YES_ERROR;
				CLANG_WARN_QUOTED_INCLUDE_IN_FRAMEWORK_HEADER = YES;
				CLANG_WARN_RANGE_LOOP_ANALYSIS = YES;
				CLANG_WARN_STRICT_PROTOTYPES = YES;
				CLANG_WARN_SUSPICIOUS_MOVE = YES;
				CLANG_WARN_UNGUARDED_AVAILABILITY = YES_AGGRESSIVE;
				CLANG_WARN_UNREACHABLE_CODE = YES;
				CLANG_WARN__DUPLICATE_METHOD_MATCH = YES;
				COPY_PHASE_STRIP = NO;
				DEBUG_INFORMATION_FORMAT = "dwarf-with-dsym";
				ENABLE_NS_ASSERTIONS = NO;
				ENABLE_STRICT_OBJC_MSGSEND = YES;
				ENABLE_USER_SCRIPT_SANDBOXING = YES;
				GCC_C_LANGUAGE_STANDARD = gnu17;
				GCC_NO_COMMON_BLOCKS = YES;
				GCC_WARN_64_TO_32_BIT_CONVERSION = YES;
				GCC_WARN_ABOUT_RETURN_TYPE = YES_ERROR;
				GCC_WARN_UNDECLARED_SELECTOR = YES;
				GCC_WARN_UNINITIALIZED_AUTOS = YES_AGGRESSIVE;
				GCC_WARN_UNUSED_FUNCTION = YES;
				GCC_WARN_UNUSED_VARIABLE = YES;
				LOCALIZATION_PREFERS_STRING_CATALOGS = YES;
				MACOSX_DEPLOYMENT_TARGET = 15.5;
				MTL_ENABLE_DEBUG_INFO = NO;
				MTL_FAST_MATH = YES;
				SDKROOT = macosx;
				SWIFT_COMPILATION_MODE = wholemodule;
			};
			name = Release;
		};
		DB318CF62E3B20AC005DF200 /* Debug */ = {
			isa = XCBuildConfiguration;
			buildSettings = {
				ASSETCATALOG_COMPILER_APPICON_NAME = AppIcon;
				ASSETCATALOG_COMPILER_GLOBAL_ACCENT_COLOR_NAME = AccentColor;
				CODE_SIGN_ENTITLEMENTS = LeetCodeStats/LeetCodeStats.entitlements;
				CODE_SIGN_STYLE = Automatic;
				COMBINE_HIDPI_IMAGES = YES;
				CURRENT_PROJECT_VERSION = 1;
				ENABLE_PREVIEWS = YES;
				GENERATE_INFOPLIST_FILE = YES;
				INFOPLIST_FILE = "";
				INFOPLIST_KEY_LSUIElement = YES;
				LD_RUNPATH_SEARCH_PATHS = (
					"$(inherited)",
					"@executable_path/../Frameworks",
				);
				MARKETING_VERSION = 1.0;
				PRODUCT_BUNDLE_IDENTIFIER = ovDesigns.LeetCodeStats;
				PRODUCT_NAME = "$(TARGET_NAME)";
				REGISTER_APP_GROUPS = YES;
				SWIFT_EMIT_LOC_STRINGS = YES;
				SWIFT_VERSION = 5.0;
			};
			name = Debug;
		};
		DB318CF72E3B20AC005DF200 /* Release */ = {
			isa = XCBuildConfiguration;
			buildSettings = {
				ASSETCATALOG_COMPILER_APPICON_NAME = AppIcon;
				ASSETCATALOG_COMPILER_GLOBAL_ACCENT_COLOR_NAME = AccentColor;
				CODE_SIGN_ENTITLEMENTS = LeetCodeStats/LeetCodeStats.entitlements;
				CODE_SIGN_STYLE = Automatic;
				COMBINE_HIDPI_IMAGES = YES;
				CURRENT_PROJECT_VERSION = 1;
				ENABLE_PREVIEWS = YES;
				GENERATE_INFOPLIST_FILE = YES;
				INFOPLIST_FILE = "";
				INFOPLIST_KEY_LSUIElement = YES;
				LD_RUNPATH_SEARCH_PATHS = (
					"$(inherited)",
					"@executable_path/../Frameworks",
				);
				MARKETING_VERSION = 1.0;
				PRODUCT_BUNDLE_IDENTIFIER = ovDesigns.LeetCodeStats;
				PRODUCT_NAME = "$(TARGET_NAME)";
				REGISTER_APP_GROUPS = YES;
				SWIFT_EMIT_LOC_STRINGS = YES;
				SWIFT_VERSION = 5.0;
			};
			name = Release;
		};
		DB318CF92E3B20AC005DF200 /* Debug */ = {
			isa = XCBuildConfiguration;
			buildSettings = {
				BUNDLE_LOADER = "$(TEST_HOST)";
				CODE_SIGN_STYLE = Automatic;
				CURRENT_PROJECT_VERSION = 1;
				GENERATE_INFOPLIST_FILE = YES;
				MACOSX_DEPLOYMENT_TARGET = 15.5;
				MARKETING_VERSION = 1.0;
				PRODUCT_BUNDLE_IDENTIFIER = ovDesigns.LeetCodeStatsTests;
				PRODUCT_NAME = "$(TARGET_NAME)";
				SWIFT_EMIT_LOC_STRINGS = NO;
				SWIFT_VERSION = 5.0;
				TEST_HOST = "$(BUILT_PRODUCTS_DIR)/LeetCodeStats.app/$(BUNDLE_EXECUTABLE_FOLDER_PATH)/LeetCodeStats";
			};
			name = Debug;
		};
		DB318CFA2E3B20AC005DF200 /* Release */ = {
			isa = XCBuildConfiguration;
			buildSettings = {
				BUNDLE_LOADER = "$(TEST_HOST)";
				CODE_SIGN_STYLE = Automatic;
				CURRENT_PROJECT_VERSION = 1;
				GENERATE_INFOPLIST_FILE = YES;
				MACOSX_DEPLOYMENT_TARGET = 15.5;
				MARKETING_VERSION = 1.0;
				PRODUCT_BUNDLE_IDENTIFIER = ovDesigns.LeetCodeStatsTests;
				PRODUCT_NAME = "$(TARGET_NAME)";
				SWIFT_EMIT_LOC_STRINGS = NO;
				SWIFT_VERSION = 5.0;
				TEST_HOST = "$(BUILT_PRODUCTS_DIR)/LeetCodeStats.app/$(BUNDLE_EXECUTABLE_FOLDER_PATH)/LeetCodeStats";
			};
			name = Release;
		};
		DB318CFC2E3B20AC005DF200 /* Debug */ = {
			isa = XCBuildConfiguration;
			buildSettings = {
				CODE_SIGN_STYLE = Automatic;
				CURRENT_PROJECT_VERSION = 1;
				GENERATE_INFOPLIST_FILE = YES;
				MARKETING_VERSION = 1.0;
				PRODUCT_BUNDLE_IDENTIFIER = ovDesigns.LeetCodeStatsUITests;
				PRODUCT_NAME = "$(TARGET_NAME)";
				SWIFT_EMIT_LOC_STRINGS = NO;
				SWIFT_VERSION = 5.0;
				TEST_TARGET_NAME = LeetCodeStats;
			};
			name = Debug;
		};
		DB318CFD2E3B20AC005DF200 /* Release */ = {
			isa = XCBuildConfiguration;
			buildSettings = {
				CODE_SIGN_STYLE = Automatic;
				CURRENT_PROJECT_VERSION = 1;
				GENERATE_INFOPLIST_FILE = YES;
				MARKETING_VERSION = 1.0;
				PRODUCT_BUNDLE_IDENTIFIER = ovDesigns.LeetCodeStatsUITests;
				PRODUCT_NAME = "$(TARGET_NAME)";
				SWIFT_EMIT_LOC_STRINGS = NO;
				SWIFT_VERSION = 5.0;
				TEST_TARGET_NAME = LeetCodeStats;
			};
			name = Release;
		};
/* End XCBuildConfiguration section */

/* Begin XCConfigurationList section */
		DB318CCE2E3B20AB005DF200 /* Build configuration list for PBXProject "LeetCodeStats" */ = {
			isa = XCConfigurationList;
			buildConfigurations = (
				DB318CF32E3B20AC005DF200 /* Debug */,
				DB318CF42E3B20AC005DF200 /* Release */,
			);
			defaultConfigurationIsVisible = 0;
			defaultConfigurationName = Release;
		};
		DB318CF52E3B20AC005DF200 /* Build configuration list for PBXNativeTarget "LeetCodeStats" */ = {
			isa = XCConfigurationList;
			buildConfigurations = (
				DB318CF62E3B20AC005DF200 /* Debug */,
				DB318CF72E3B20AC005DF200 /* Release */,
			);
			defaultConfigurationIsVisible = 0;
			defaultConfigurationName = Release;
		};
		DB318CF82E3B20AC005DF200 /* Build configuration list for PBXNativeTarget "LeetCodeStatsTests" */ = {
			isa = XCConfigurationList;
			buildConfigurations = (
				DB318CF92E3B20AC005DF200 /* Debug */,
				DB318CFA2E3B20AC005DF200 /* Release */,
			);
			defaultConfigurationIsVisible = 0;
			defaultConfigurationName = Release;
		};
		DB318CFB2E3B20AC005DF200 /* Build configuration list for PBXNativeTarget "LeetCodeStatsUITests" */ = {
			isa = XCConfigurationList;
			buildConfigurations = (
				DB318CFC2E3B20AC005DF200 /* Debug */,
				DB318CFD2E3B20AC005DF200 /* Release */,
			);
			defaultConfigurationIsVisible = 0;
			defaultConfigurationName = Release;
		};
/* End XCConfigurationList section */

/* Begin XCRemoteSwiftPackageReference section */
		DB318D192E3B2B77005DF200 /* XCRemoteSwiftPackageReference "swift-algorithms" */ = {
			isa = XCRemoteSwiftPackageReference;
			repositoryURL = "https://github.com/apple/swift-algorithms.git";
			requirement = {
				kind = upToNextMajorVersion;
				minimumVersion = 1.2.1;
			};
		};
/* End XCRemoteSwiftPackageReference section */
	};
	rootObject = DB318CCB2E3B20AB005DF200 /* Project object */;
}
